<?xml version="1.0" encoding="UTF-8"?>
<CodeBlocks_project_file>
	<FileVersion major="1" minor="6"/>
	<Project>
		<Option title="Polygonal_surface_reconstruction"/>
		<Option makefile_is_custom="1"/>
		<Option compiler="clang"/>
		<Option virtualFolders="CMake Files\;CMake Files\..\;CMake Files\..\..\;CMake Files\..\..\..\;CMake Files\..\..\..\..\;CMake Files\..\..\..\..\..\;CMake Files\..\..\..\..\..\..\;CMake Files\..\..\..\..\..\..\..\;CMake Files\..\..\..\..\..\..\..\..\;CMake Files\..\..\..\..\..\..\..\..\opt\;CMake Files\..\..\..\..\..\..\..\..\opt\local\;CMake Files\..\..\..\..\..\..\..\..\opt\local\share\;CMake Files\..\..\..\..\..\..\..\..\opt\local\share\CGAL\;CMake Files\..\..\..\..\..\..\..\..\opt\local\share\CGAL\cmake\;"/>
		<Build>
			<Target title="all">
				<Option working_dir="/Users/lnan/Projects/CGAL_PolyFit/CGAL/Polygonal_surface_reconstruction/examples/build-Polygonal_surface_reconstruction-Desktop_Qt_5_10_1_clang_64bit-Release"/>
				<Option type="4"/>
				<MakeCommands>
					<Build command="/usr/bin/make -j4 -f &quot;/Users/lnan/Projects/CGAL_PolyFit/CGAL/Polygonal_surface_reconstruction/examples/build-Polygonal_surface_reconstruction-Desktop_Qt_5_10_1_clang_64bit-Release/Makefile&quot;  VERBOSE=1 all"/>
					<CompileFile command="/usr/bin/make -j4 -f &quot;/Users/lnan/Projects/CGAL_PolyFit/CGAL/Polygonal_surface_reconstruction/examples/build-Polygonal_surface_reconstruction-Desktop_Qt_5_10_1_clang_64bit-Release/Makefile&quot;  VERBOSE=1 &quot;$file&quot;"/>
					<Clean command="/usr/bin/make -j4 -f &quot;/Users/lnan/Projects/CGAL_PolyFit/CGAL/Polygonal_surface_reconstruction/examples/build-Polygonal_surface_reconstruction-Desktop_Qt_5_10_1_clang_64bit-Release/Makefile&quot;  VERBOSE=1 clean"/>
					<DistClean command="/usr/bin/make -j4 -f &quot;/Users/lnan/Projects/CGAL_PolyFit/CGAL/Polygonal_surface_reconstruction/examples/build-Polygonal_surface_reconstruction-Desktop_Qt_5_10_1_clang_64bit-Release/Makefile&quot;  VERBOSE=1 clean"/>
				</MakeCommands>
			</Target>
			<Target title="rebuild_cache">
				<Option working_dir="/Users/lnan/Projects/CGAL_PolyFit/CGAL/Polygonal_surface_reconstruction/examples/build-Polygonal_surface_reconstruction-Desktop_Qt_5_10_1_clang_64bit-Release"/>
				<Option type="4"/>
				<MakeCommands>
					<Build command="/usr/bin/make -j4 -f &quot;/Users/lnan/Projects/CGAL_PolyFit/CGAL/Polygonal_surface_reconstruction/examples/build-Polygonal_surface_reconstruction-Desktop_Qt_5_10_1_clang_64bit-Release/Makefile&quot;  VERBOSE=1 rebuild_cache"/>
					<CompileFile command="/usr/bin/make -j4 -f &quot;/Users/lnan/Projects/CGAL_PolyFit/CGAL/Polygonal_surface_reconstruction/examples/build-Polygonal_surface_reconstruction-Desktop_Qt_5_10_1_clang_64bit-Release/Makefile&quot;  VERBOSE=1 &quot;$file&quot;"/>
					<Clean command="/usr/bin/make -j4 -f &quot;/Users/lnan/Projects/CGAL_PolyFit/CGAL/Polygonal_surface_reconstruction/examples/build-Polygonal_surface_reconstruction-Desktop_Qt_5_10_1_clang_64bit-Release/Makefile&quot;  VERBOSE=1 clean"/>
					<DistClean command="/usr/bin/make -j4 -f &quot;/Users/lnan/Projects/CGAL_PolyFit/CGAL/Polygonal_surface_reconstruction/examples/build-Polygonal_surface_reconstruction-Desktop_Qt_5_10_1_clang_64bit-Release/Makefile&quot;  VERBOSE=1 clean"/>
				</MakeCommands>
			</Target>
			<Target title="edit_cache">
				<Option working_dir="/Users/lnan/Projects/CGAL_PolyFit/CGAL/Polygonal_surface_reconstruction/examples/build-Polygonal_surface_reconstruction-Desktop_Qt_5_10_1_clang_64bit-Release"/>
				<Option type="4"/>
				<MakeCommands>
					<Build command="/usr/bin/make -j4 -f &quot;/Users/lnan/Projects/CGAL_PolyFit/CGAL/Polygonal_surface_reconstruction/examples/build-Polygonal_surface_reconstruction-Desktop_Qt_5_10_1_clang_64bit-Release/Makefile&quot;  VERBOSE=1 edit_cache"/>
					<CompileFile command="/usr/bin/make -j4 -f &quot;/Users/lnan/Projects/CGAL_PolyFit/CGAL/Polygonal_surface_reconstruction/examples/build-Polygonal_surface_reconstruction-Desktop_Qt_5_10_1_clang_64bit-Release/Makefile&quot;  VERBOSE=1 &quot;$file&quot;"/>
					<Clean command="/usr/bin/make -j4 -f &quot;/Users/lnan/Projects/CGAL_PolyFit/CGAL/Polygonal_surface_reconstruction/examples/build-Polygonal_surface_reconstruction-Desktop_Qt_5_10_1_clang_64bit-Release/Makefile&quot;  VERBOSE=1 clean"/>
					<DistClean command="/usr/bin/make -j4 -f &quot;/Users/lnan/Projects/CGAL_PolyFit/CGAL/Polygonal_surface_reconstruction/examples/build-Polygonal_surface_reconstruction-Desktop_Qt_5_10_1_clang_64bit-Release/Makefile&quot;  VERBOSE=1 clean"/>
				</MakeCommands>
			</Target>
			<Target title="polyfit_example_user_provided_planes">
				<Option output="/Users/lnan/Projects/CGAL_PolyFit/CGAL/Polygonal_surface_reconstruction/examples/build-Polygonal_surface_reconstruction-Desktop_Qt_5_10_1_clang_64bit-Release/polyfit_example_user_provided_planes" prefix_auto="0" extension_auto="0"/>
				<Option working_dir="/Users/lnan/Projects/CGAL_PolyFit/CGAL/Polygonal_surface_reconstruction/examples/build-Polygonal_surface_reconstruction-Desktop_Qt_5_10_1_clang_64bit-Release"/>
				<Option object_output="./"/>
				<Option type="1"/>
				<Option compiler="clang"/>
				<Compiler>
					<Add option="-DCGAL_USE_MPFR"/>
					<Add option="-DCGAL_USE_GMP"/>
					<Add directory="/Users/lnan/Projects/CGAL_PolyFit/CGAL/Polygonal_surface_reconstruction/examples/Polygonal_surface_reconstruction/../../include"/>
					<Add directory="/opt/local/include"/>
					<Add directory="/Users/lnan/Projects/CGAL_PolyFit/CGAL/Polygonal_surface_reconstruction/examples/build-Polygonal_surface_reconstruction-Desktop_Qt_5_10_1_clang_64bit-Release"/>
					<Add directory="/Applications/Xcode.app/Contents/Developer/Toolchains/XcodeDefault.xctoolchain/usr/bin/../include/c++/v1"/>
					<Add directory="/Applications/Xcode.app/Contents/Developer/Toolchains/XcodeDefault.xctoolchain/usr/bin/../lib/clang/8.1.0/include"/>
					<Add directory="/Applications/Xcode.app/Contents/Developer/Toolchains/XcodeDefault.xctoolchain/usr/include"/>
					<Add directory="/Applications/Xcode.app/Contents/Developer/Platforms/MacOSX.platform/Developer/SDKs/MacOSX10.12.sdk/usr/include"/>
					<Add directory="/Applications/Xcode.app/Contents/Developer/Platforms/MacOSX.platform/Developer/SDKs/MacOSX10.12.sdk/System/Library/Frameworks"/>
				</Compiler>
				<MakeCommands>
					<Build command="/usr/bin/make -j4 -f &quot;/Users/lnan/Projects/CGAL_PolyFit/CGAL/Polygonal_surface_reconstruction/examples/build-Polygonal_surface_reconstruction-Desktop_Qt_5_10_1_clang_64bit-Release/Makefile&quot;  VERBOSE=1 polyfit_example_user_provided_planes"/>
					<CompileFile command="/usr/bin/make -j4 -f &quot;/Users/lnan/Projects/CGAL_PolyFit/CGAL/Polygonal_surface_reconstruction/examples/build-Polygonal_surface_reconstruction-Desktop_Qt_5_10_1_clang_64bit-Release/Makefile&quot;  VERBOSE=1 &quot;$file&quot;"/>
					<Clean command="/usr/bin/make -j4 -f &quot;/Users/lnan/Projects/CGAL_PolyFit/CGAL/Polygonal_surface_reconstruction/examples/build-Polygonal_surface_reconstruction-Desktop_Qt_5_10_1_clang_64bit-Release/Makefile&quot;  VERBOSE=1 clean"/>
					<DistClean command="/usr/bin/make -j4 -f &quot;/Users/lnan/Projects/CGAL_PolyFit/CGAL/Polygonal_surface_reconstruction/examples/build-Polygonal_surface_reconstruction-Desktop_Qt_5_10_1_clang_64bit-Release/Makefile&quot;  VERBOSE=1 clean"/>
				</MakeCommands>
			</Target>
			<Target title="polyfit_example_user_provided_planes/fast">
				<Option output="/Users/lnan/Projects/CGAL_PolyFit/CGAL/Polygonal_surface_reconstruction/examples/build-Polygonal_surface_reconstruction-Desktop_Qt_5_10_1_clang_64bit-Release/polyfit_example_user_provided_planes" prefix_auto="0" extension_auto="0"/>
				<Option working_dir="/Users/lnan/Projects/CGAL_PolyFit/CGAL/Polygonal_surface_reconstruction/examples/build-Polygonal_surface_reconstruction-Desktop_Qt_5_10_1_clang_64bit-Release"/>
				<Option object_output="./"/>
				<Option type="1"/>
				<Option compiler="clang"/>
				<Compiler>
					<Add option="-DCGAL_USE_MPFR"/>
					<Add option="-DCGAL_USE_GMP"/>
					<Add directory="/Users/lnan/Projects/CGAL_PolyFit/CGAL/Polygonal_surface_reconstruction/examples/Polygonal_surface_reconstruction/../../include"/>
					<Add directory="/opt/local/include"/>
					<Add directory="/Users/lnan/Projects/CGAL_PolyFit/CGAL/Polygonal_surface_reconstruction/examples/build-Polygonal_surface_reconstruction-Desktop_Qt_5_10_1_clang_64bit-Release"/>
					<Add directory="/Applications/Xcode.app/Contents/Developer/Toolchains/XcodeDefault.xctoolchain/usr/bin/../include/c++/v1"/>
					<Add directory="/Applications/Xcode.app/Contents/Developer/Toolchains/XcodeDefault.xctoolchain/usr/bin/../lib/clang/8.1.0/include"/>
					<Add directory="/Applications/Xcode.app/Contents/Developer/Toolchains/XcodeDefault.xctoolchain/usr/include"/>
					<Add directory="/Applications/Xcode.app/Contents/Developer/Platforms/MacOSX.platform/Developer/SDKs/MacOSX10.12.sdk/usr/include"/>
					<Add directory="/Applications/Xcode.app/Contents/Developer/Platforms/MacOSX.platform/Developer/SDKs/MacOSX10.12.sdk/System/Library/Frameworks"/>
				</Compiler>
				<MakeCommands>
					<Build command="/usr/bin/make -j4 -f &quot;/Users/lnan/Projects/CGAL_PolyFit/CGAL/Polygonal_surface_reconstruction/examples/build-Polygonal_surface_reconstruction-Desktop_Qt_5_10_1_clang_64bit-Release/Makefile&quot;  VERBOSE=1 polyfit_example_user_provided_planes/fast"/>
					<CompileFile command="/usr/bin/make -j4 -f &quot;/Users/lnan/Projects/CGAL_PolyFit/CGAL/Polygonal_surface_reconstruction/examples/build-Polygonal_surface_reconstruction-Desktop_Qt_5_10_1_clang_64bit-Release/Makefile&quot;  VERBOSE=1 &quot;$file&quot;"/>
					<Clean command="/usr/bin/make -j4 -f &quot;/Users/lnan/Projects/CGAL_PolyFit/CGAL/Polygonal_surface_reconstruction/examples/build-Polygonal_surface_reconstruction-Desktop_Qt_5_10_1_clang_64bit-Release/Makefile&quot;  VERBOSE=1 clean"/>
					<DistClean command="/usr/bin/make -j4 -f &quot;/Users/lnan/Projects/CGAL_PolyFit/CGAL/Polygonal_surface_reconstruction/examples/build-Polygonal_surface_reconstruction-Desktop_Qt_5_10_1_clang_64bit-Release/Makefile&quot;  VERBOSE=1 clean"/>
				</MakeCommands>
			</Target>
			<Target title="polyfit_example_model_complexty_control">
				<Option output="/Users/lnan/Projects/CGAL_PolyFit/CGAL/Polygonal_surface_reconstruction/examples/build-Polygonal_surface_reconstruction-Desktop_Qt_5_10_1_clang_64bit-Release/polyfit_example_model_complexty_control" prefix_auto="0" extension_auto="0"/>
				<Option working_dir="/Users/lnan/Projects/CGAL_PolyFit/CGAL/Polygonal_surface_reconstruction/examples/build-Polygonal_surface_reconstruction-Desktop_Qt_5_10_1_clang_64bit-Release"/>
				<Option object_output="./"/>
				<Option type="1"/>
				<Option compiler="clang"/>
				<Compiler>
					<Add option="-DCGAL_USE_MPFR"/>
					<Add option="-DCGAL_USE_GMP"/>
					<Add directory="/Users/lnan/Projects/CGAL_PolyFit/CGAL/Polygonal_surface_reconstruction/examples/Polygonal_surface_reconstruction/../../include"/>
					<Add directory="/opt/local/include"/>
					<Add directory="/Users/lnan/Projects/CGAL_PolyFit/CGAL/Polygonal_surface_reconstruction/examples/build-Polygonal_surface_reconstruction-Desktop_Qt_5_10_1_clang_64bit-Release"/>
					<Add directory="/Applications/Xcode.app/Contents/Developer/Toolchains/XcodeDefault.xctoolchain/usr/bin/../include/c++/v1"/>
					<Add directory="/Applications/Xcode.app/Contents/Developer/Toolchains/XcodeDefault.xctoolchain/usr/bin/../lib/clang/8.1.0/include"/>
					<Add directory="/Applications/Xcode.app/Contents/Developer/Toolchains/XcodeDefault.xctoolchain/usr/include"/>
					<Add directory="/Applications/Xcode.app/Contents/Developer/Platforms/MacOSX.platform/Developer/SDKs/MacOSX10.12.sdk/usr/include"/>
					<Add directory="/Applications/Xcode.app/Contents/Developer/Platforms/MacOSX.platform/Developer/SDKs/MacOSX10.12.sdk/System/Library/Frameworks"/>
				</Compiler>
				<MakeCommands>
					<Build command="/usr/bin/make -j4 -f &quot;/Users/lnan/Projects/CGAL_PolyFit/CGAL/Polygonal_surface_reconstruction/examples/build-Polygonal_surface_reconstruction-Desktop_Qt_5_10_1_clang_64bit-Release/Makefile&quot;  VERBOSE=1 polyfit_example_model_complexty_control"/>
					<CompileFile command="/usr/bin/make -j4 -f &quot;/Users/lnan/Projects/CGAL_PolyFit/CGAL/Polygonal_surface_reconstruction/examples/build-Polygonal_surface_reconstruction-Desktop_Qt_5_10_1_clang_64bit-Release/Makefile&quot;  VERBOSE=1 &quot;$file&quot;"/>
					<Clean command="/usr/bin/make -j4 -f &quot;/Users/lnan/Projects/CGAL_PolyFit/CGAL/Polygonal_surface_reconstruction/examples/build-Polygonal_surface_reconstruction-Desktop_Qt_5_10_1_clang_64bit-Release/Makefile&quot;  VERBOSE=1 clean"/>
					<DistClean command="/usr/bin/make -j4 -f &quot;/Users/lnan/Projects/CGAL_PolyFit/CGAL/Polygonal_surface_reconstruction/examples/build-Polygonal_surface_reconstruction-Desktop_Qt_5_10_1_clang_64bit-Release/Makefile&quot;  VERBOSE=1 clean"/>
				</MakeCommands>
			</Target>
			<Target title="polyfit_example_model_complexty_control/fast">
				<Option output="/Users/lnan/Projects/CGAL_PolyFit/CGAL/Polygonal_surface_reconstruction/examples/build-Polygonal_surface_reconstruction-Desktop_Qt_5_10_1_clang_64bit-Release/polyfit_example_model_complexty_control" prefix_auto="0" extension_auto="0"/>
				<Option working_dir="/Users/lnan/Projects/CGAL_PolyFit/CGAL/Polygonal_surface_reconstruction/examples/build-Polygonal_surface_reconstruction-Desktop_Qt_5_10_1_clang_64bit-Release"/>
				<Option object_output="./"/>
				<Option type="1"/>
				<Option compiler="clang"/>
				<Compiler>
					<Add option="-DCGAL_USE_MPFR"/>
					<Add option="-DCGAL_USE_GMP"/>
					<Add directory="/Users/lnan/Projects/CGAL_PolyFit/CGAL/Polygonal_surface_reconstruction/examples/Polygonal_surface_reconstruction/../../include"/>
					<Add directory="/opt/local/include"/>
					<Add directory="/Users/lnan/Projects/CGAL_PolyFit/CGAL/Polygonal_surface_reconstruction/examples/build-Polygonal_surface_reconstruction-Desktop_Qt_5_10_1_clang_64bit-Release"/>
					<Add directory="/Applications/Xcode.app/Contents/Developer/Toolchains/XcodeDefault.xctoolchain/usr/bin/../include/c++/v1"/>
					<Add directory="/Applications/Xcode.app/Contents/Developer/Toolchains/XcodeDefault.xctoolchain/usr/bin/../lib/clang/8.1.0/include"/>
					<Add directory="/Applications/Xcode.app/Contents/Developer/Toolchains/XcodeDefault.xctoolchain/usr/include"/>
					<Add directory="/Applications/Xcode.app/Contents/Developer/Platforms/MacOSX.platform/Developer/SDKs/MacOSX10.12.sdk/usr/include"/>
					<Add directory="/Applications/Xcode.app/Contents/Developer/Platforms/MacOSX.platform/Developer/SDKs/MacOSX10.12.sdk/System/Library/Frameworks"/>
				</Compiler>
				<MakeCommands>
					<Build command="/usr/bin/make -j4 -f &quot;/Users/lnan/Projects/CGAL_PolyFit/CGAL/Polygonal_surface_reconstruction/examples/build-Polygonal_surface_reconstruction-Desktop_Qt_5_10_1_clang_64bit-Release/Makefile&quot;  VERBOSE=1 polyfit_example_model_complexty_control/fast"/>
					<CompileFile command="/usr/bin/make -j4 -f &quot;/Users/lnan/Projects/CGAL_PolyFit/CGAL/Polygonal_surface_reconstruction/examples/build-Polygonal_surface_reconstruction-Desktop_Qt_5_10_1_clang_64bit-Release/Makefile&quot;  VERBOSE=1 &quot;$file&quot;"/>
					<Clean command="/usr/bin/make -j4 -f &quot;/Users/lnan/Projects/CGAL_PolyFit/CGAL/Polygonal_surface_reconstruction/examples/build-Polygonal_surface_reconstruction-Desktop_Qt_5_10_1_clang_64bit-Release/Makefile&quot;  VERBOSE=1 clean"/>
					<DistClean command="/usr/bin/make -j4 -f &quot;/Users/lnan/Projects/CGAL_PolyFit/CGAL/Polygonal_surface_reconstruction/examples/build-Polygonal_surface_reconstruction-Desktop_Qt_5_10_1_clang_64bit-Release/Makefile&quot;  VERBOSE=1 clean"/>
				</MakeCommands>
			</Target>
			<Target title="polyfit_example_without_input_planes">
				<Option output="/Users/lnan/Projects/CGAL_PolyFit/CGAL/Polygonal_surface_reconstruction/examples/build-Polygonal_surface_reconstruction-Desktop_Qt_5_10_1_clang_64bit-Release/polyfit_example_without_input_planes" prefix_auto="0" extension_auto="0"/>
				<Option working_dir="/Users/lnan/Projects/CGAL_PolyFit/CGAL/Polygonal_surface_reconstruction/examples/build-Polygonal_surface_reconstruction-Desktop_Qt_5_10_1_clang_64bit-Release"/>
				<Option object_output="./"/>
				<Option type="1"/>
				<Option compiler="clang"/>
				<Compiler>
					<Add option="-DCGAL_USE_MPFR"/>
					<Add option="-DCGAL_USE_GMP"/>
					<Add directory="/Users/lnan/Projects/CGAL_PolyFit/CGAL/Polygonal_surface_reconstruction/examples/Polygonal_surface_reconstruction/../../include"/>
					<Add directory="/opt/local/include"/>
					<Add directory="/Users/lnan/Projects/CGAL_PolyFit/CGAL/Polygonal_surface_reconstruction/examples/build-Polygonal_surface_reconstruction-Desktop_Qt_5_10_1_clang_64bit-Release"/>
					<Add directory="/Applications/Xcode.app/Contents/Developer/Toolchains/XcodeDefault.xctoolchain/usr/bin/../include/c++/v1"/>
					<Add directory="/Applications/Xcode.app/Contents/Developer/Toolchains/XcodeDefault.xctoolchain/usr/bin/../lib/clang/8.1.0/include"/>
					<Add directory="/Applications/Xcode.app/Contents/Developer/Toolchains/XcodeDefault.xctoolchain/usr/include"/>
					<Add directory="/Applications/Xcode.app/Contents/Developer/Platforms/MacOSX.platform/Developer/SDKs/MacOSX10.12.sdk/usr/include"/>
					<Add directory="/Applications/Xcode.app/Contents/Developer/Platforms/MacOSX.platform/Developer/SDKs/MacOSX10.12.sdk/System/Library/Frameworks"/>
				</Compiler>
				<MakeCommands>
					<Build command="/usr/bin/make -j4 -f &quot;/Users/lnan/Projects/CGAL_PolyFit/CGAL/Polygonal_surface_reconstruction/examples/build-Polygonal_surface_reconstruction-Desktop_Qt_5_10_1_clang_64bit-Release/Makefile&quot;  VERBOSE=1 polyfit_example_without_input_planes"/>
					<CompileFile command="/usr/bin/make -j4 -f &quot;/Users/lnan/Projects/CGAL_PolyFit/CGAL/Polygonal_surface_reconstruction/examples/build-Polygonal_surface_reconstruction-Desktop_Qt_5_10_1_clang_64bit-Release/Makefile&quot;  VERBOSE=1 &quot;$file&quot;"/>
					<Clean command="/usr/bin/make -j4 -f &quot;/Users/lnan/Projects/CGAL_PolyFit/CGAL/Polygonal_surface_reconstruction/examples/build-Polygonal_surface_reconstruction-Desktop_Qt_5_10_1_clang_64bit-Release/Makefile&quot;  VERBOSE=1 clean"/>
					<DistClean command="/usr/bin/make -j4 -f &quot;/Users/lnan/Projects/CGAL_PolyFit/CGAL/Polygonal_surface_reconstruction/examples/build-Polygonal_surface_reconstruction-Desktop_Qt_5_10_1_clang_64bit-Release/Makefile&quot;  VERBOSE=1 clean"/>
				</MakeCommands>
			</Target>
			<Target title="polyfit_example_without_input_planes/fast">
				<Option output="/Users/lnan/Projects/CGAL_PolyFit/CGAL/Polygonal_surface_reconstruction/examples/build-Polygonal_surface_reconstruction-Desktop_Qt_5_10_1_clang_64bit-Release/polyfit_example_without_input_planes" prefix_auto="0" extension_auto="0"/>
				<Option working_dir="/Users/lnan/Projects/CGAL_PolyFit/CGAL/Polygonal_surface_reconstruction/examples/build-Polygonal_surface_reconstruction-Desktop_Qt_5_10_1_clang_64bit-Release"/>
				<Option object_output="./"/>
				<Option type="1"/>
				<Option compiler="clang"/>
				<Compiler>
					<Add option="-DCGAL_USE_MPFR"/>
					<Add option="-DCGAL_USE_GMP"/>
					<Add directory="/Users/lnan/Projects/CGAL_PolyFit/CGAL/Polygonal_surface_reconstruction/examples/Polygonal_surface_reconstruction/../../include"/>
					<Add directory="/opt/local/include"/>
					<Add directory="/Users/lnan/Projects/CGAL_PolyFit/CGAL/Polygonal_surface_reconstruction/examples/build-Polygonal_surface_reconstruction-Desktop_Qt_5_10_1_clang_64bit-Release"/>
					<Add directory="/Applications/Xcode.app/Contents/Developer/Toolchains/XcodeDefault.xctoolchain/usr/bin/../include/c++/v1"/>
					<Add directory="/Applications/Xcode.app/Contents/Developer/Toolchains/XcodeDefault.xctoolchain/usr/bin/../lib/clang/8.1.0/include"/>
					<Add directory="/Applications/Xcode.app/Contents/Developer/Toolchains/XcodeDefault.xctoolchain/usr/include"/>
					<Add directory="/Applications/Xcode.app/Contents/Developer/Platforms/MacOSX.platform/Developer/SDKs/MacOSX10.12.sdk/usr/include"/>
					<Add directory="/Applications/Xcode.app/Contents/Developer/Platforms/MacOSX.platform/Developer/SDKs/MacOSX10.12.sdk/System/Library/Frameworks"/>
				</Compiler>
				<MakeCommands>
					<Build command="/usr/bin/make -j4 -f &quot;/Users/lnan/Projects/CGAL_PolyFit/CGAL/Polygonal_surface_reconstruction/examples/build-Polygonal_surface_reconstruction-Desktop_Qt_5_10_1_clang_64bit-Release/Makefile&quot;  VERBOSE=1 polyfit_example_without_input_planes/fast"/>
					<CompileFile command="/usr/bin/make -j4 -f &quot;/Users/lnan/Projects/CGAL_PolyFit/CGAL/Polygonal_surface_reconstruction/examples/build-Polygonal_surface_reconstruction-Desktop_Qt_5_10_1_clang_64bit-Release/Makefile&quot;  VERBOSE=1 &quot;$file&quot;"/>
					<Clean command="/usr/bin/make -j4 -f &quot;/Users/lnan/Projects/CGAL_PolyFit/CGAL/Polygonal_surface_reconstruction/examples/build-Polygonal_surface_reconstruction-Desktop_Qt_5_10_1_clang_64bit-Release/Makefile&quot;  VERBOSE=1 clean"/>
					<DistClean command="/usr/bin/make -j4 -f &quot;/Users/lnan/Projects/CGAL_PolyFit/CGAL/Polygonal_surface_reconstruction/examples/build-Polygonal_surface_reconstruction-Desktop_Qt_5_10_1_clang_64bit-Release/Makefile&quot;  VERBOSE=1 clean"/>
				</MakeCommands>
			</Target>
		</Build>
		<Unit filename="/Users/lnan/Projects/CGAL_PolyFit/CGAL/Polygonal_surface_reconstruction/examples/Polygonal_surface_reconstruction/polyfit_example_model_complexty_control.cpp">
			<Option target="polyfit_example_model_complexty_control"/>
		</Unit>
		<Unit filename="/Users/lnan/Projects/CGAL_PolyFit/CGAL/Polygonal_surface_reconstruction/examples/Polygonal_surface_reconstruction/polyfit_example_user_provided_planes.cpp">
			<Option target="polyfit_example_user_provided_planes"/>
		</Unit>
		<Unit filename="/Users/lnan/Projects/CGAL_PolyFit/CGAL/Polygonal_surface_reconstruction/examples/Polygonal_surface_reconstruction/polyfit_example_without_input_planes.cpp">
			<Option target="polyfit_example_without_input_planes"/>
		</Unit>
		<Unit filename="/Users/lnan/Projects/CGAL_PolyFit/CGAL/Polygonal_surface_reconstruction/examples/Polygonal_surface_reconstruction/CMakeLists.txt">
			<Option virtualFolder="CMake Files\"/>
		</Unit>
		<Unit filename="/Users/lnan/Projects/CGAL_PolyFit/CGAL/Polygonal_surface_reconstruction/examples/Polygonal_surface_reconstruction/../../../../../../../../opt/local/share/CGAL/cmake/CGALConfig.cmake">
			<Option virtualFolder="CMake Files\..\..\..\..\..\..\..\..\opt\local\share\CGAL\cmake\"/>
		</Unit>
		<Unit filename="/Users/lnan/Projects/CGAL_PolyFit/CGAL/Polygonal_surface_reconstruction/examples/Polygonal_surface_reconstruction/../../../../../../../../opt/local/share/CGAL/cmake/CGALConfigVersion.cmake">
			<Option virtualFolder="CMake Files\..\..\..\..\..\..\..\..\opt\local\share\CGAL\cmake\"/>
		</Unit>
		<Unit filename="/Users/lnan/Projects/CGAL_PolyFit/CGAL/Polygonal_surface_reconstruction/examples/Polygonal_surface_reconstruction/../../../../../../../../opt/local/share/CGAL/cmake/CGALExports-release.cmake">
			<Option virtualFolder="CMake Files\..\..\..\..\..\..\..\..\opt\local\share\CGAL\cmake\"/>
		</Unit>
		<Unit filename="/Users/lnan/Projects/CGAL_PolyFit/CGAL/Polygonal_surface_reconstruction/examples/Polygonal_surface_reconstruction/../../../../../../../../opt/local/share/CGAL/cmake/CGALExports.cmake">
			<Option virtualFolder="CMake Files\..\..\..\..\..\..\..\..\opt\local\share\CGAL\cmake\"/>
		</Unit>
		<Unit filename="/Users/lnan/Projects/CGAL_PolyFit/CGAL/Polygonal_surface_reconstruction/examples/Polygonal_surface_reconstruction/../../../../../../../../opt/local/share/CGAL/cmake/CGALLibConfig.cmake">
			<Option virtualFolder="CMake Files\..\..\..\..\..\..\..\..\opt\local\share\CGAL\cmake\"/>
		</Unit>
		<Unit filename="/Users/lnan/Projects/CGAL_PolyFit/CGAL/Polygonal_surface_reconstruction/examples/Polygonal_surface_reconstruction/../../../../../../../../opt/local/share/CGAL/cmake/CGAL_Common.cmake">
			<Option virtualFolder="CMake Files\..\..\..\..\..\..\..\..\opt\local\share\CGAL\cmake\"/>
		</Unit>
		<Unit filename="/Users/lnan/Projects/CGAL_PolyFit/CGAL/Polygonal_surface_reconstruction/examples/Polygonal_surface_reconstruction/../../../../../../../../opt/local/share/CGAL/cmake/CGAL_CreateSingleSourceCGALProgram.cmake">
			<Option virtualFolder="CMake Files\..\..\..\..\..\..\..\..\opt\local\share\CGAL\cmake\"/>
		</Unit>
		<Unit filename="/Users/lnan/Projects/CGAL_PolyFit/CGAL/Polygonal_surface_reconstruction/examples/Polygonal_surface_reconstruction/../../../../../../../../opt/local/share/CGAL/cmake/CGAL_GeneratorSpecificSettings.cmake">
			<Option virtualFolder="CMake Files\..\..\..\..\..\..\..\..\opt\local\share\CGAL\cmake\"/>
		</Unit>
		<Unit filename="/Users/lnan/Projects/CGAL_PolyFit/CGAL/Polygonal_surface_reconstruction/examples/Polygonal_surface_reconstruction/../../../../../../../../opt/local/share/CGAL/cmake/CGAL_Macros.cmake">
			<Option virtualFolder="CMake Files\..\..\..\..\..\..\..\..\opt\local\share\CGAL\cmake\"/>
		</Unit>
		<Unit filename="/Users/lnan/Projects/CGAL_PolyFit/CGAL/Polygonal_surface_reconstruction/examples/Polygonal_surface_reconstruction/../../../../../../../../opt/local/share/CGAL/cmake/CGAL_SetupFlags.cmake">
			<Option virtualFolder="CMake Files\..\..\..\..\..\..\..\..\opt\local\share\CGAL\cmake\"/>
		</Unit>
		<Unit filename="/Users/lnan/Projects/CGAL_PolyFit/CGAL/Polygonal_surface_reconstruction/examples/Polygonal_surface_reconstruction/../../../../../../../../opt/local/share/CGAL/cmake/CGAL_TweakFindBoost.cmake">
			<Option virtualFolder="CMake Files\..\..\..\..\..\..\..\..\opt\local\share\CGAL\cmake\"/>
		</Unit>
		<Unit filename="/Users/lnan/Projects/CGAL_PolyFit/CGAL/Polygonal_surface_reconstruction/examples/Polygonal_surface_reconstruction/../../../../../../../../opt/local/share/CGAL/cmake/CGAL_VersionUtils.cmake">
			<Option virtualFolder="CMake Files\..\..\..\..\..\..\..\..\opt\local\share\CGAL\cmake\"/>
		</Unit>
		<Unit filename="/Users/lnan/Projects/CGAL_PolyFit/CGAL/Polygonal_surface_reconstruction/examples/Polygonal_surface_reconstruction/../../../../../../../../opt/local/share/CGAL/cmake/CGAL_add_test.cmake">
			<Option virtualFolder="CMake Files\..\..\..\..\..\..\..\..\opt\local\share\CGAL\cmake\"/>
		</Unit>
		<Unit filename="/Users/lnan/Projects/CGAL_PolyFit/CGAL/Polygonal_surface_reconstruction/examples/Polygonal_surface_reconstruction/../../../../../../../../opt/local/share/CGAL/cmake/UseCGAL.cmake">
			<Option virtualFolder="CMake Files\..\..\..\..\..\..\..\..\opt\local\share\CGAL\cmake\"/>
		</Unit>
	</Project>
</CodeBlocks_project_file>
